// !$*UTF8*$!
{
	archiveVersion = 1;
	classes = {
	};
	objectVersion = 46;
	objects = {

/* Begin PBXBuildFile section */
		9636DC741FE122CF005B93BD /* AppDelegate.swift in Sources */ = {isa = PBXBuildFile; fileRef = 9636DC191FE122CF005B93BD /* AppDelegate.swift */; };
		9636DC751FE122CF005B93BD /* Assets.xcassets in Resources */ = {isa = PBXBuildFile; fileRef = 9636DC1A1FE122CF005B93BD /* Assets.xcassets */; };
		9636DC781FE122CF005B93BD /* LaunchScreen.storyboard in Resources */ = {isa = PBXBuildFile; fileRef = 9636DC1F1FE122CF005B93BD /* LaunchScreen.storyboard */; };
		9636DC791FE122CF005B93BD /* Main.storyboard in Resources */ = {isa = PBXBuildFile; fileRef = 9636DC211FE122CF005B93BD /* Main.storyboard */; };
		9636DC911FE122CF005B93BD /* cancel.png in Resources */ = {isa = PBXBuildFile; fileRef = 9636DC3C1FE122CF005B93BD /* cancel.png */; };
		9636DC921FE122CF005B93BD /* center.png in Resources */ = {isa = PBXBuildFile; fileRef = 9636DC3D1FE122CF005B93BD /* center.png */; };
		9636DC931FE122CF005B93BD /* center.selected.png in Resources */ = {isa = PBXBuildFile; fileRef = 9636DC3E1FE122CF005B93BD /* center.selected.png */; };
		9636DC941FE122CF005B93BD /* crop.png in Resources */ = {isa = PBXBuildFile; fileRef = 9636DC3F1FE122CF005B93BD /* crop.png */; };
		9636DC951FE122CF005B93BD /* crop.selected.png in Resources */ = {isa = PBXBuildFile; fileRef = 9636DC401FE122CF005B93BD /* crop.selected.png */; };
		9636DC961FE122CF005B93BD /* crop_169.png in Resources */ = {isa = PBXBuildFile; fileRef = 9636DC411FE122CF005B93BD /* crop_169.png */; };
		9636DC971FE122CF005B93BD /* crop_43.png in Resources */ = {isa = PBXBuildFile; fileRef = 9636DC421FE122CF005B93BD /* crop_43.png */; };
		9636DC981FE122CF005B93BD /* crop_canvas.png in Resources */ = {isa = PBXBuildFile; fileRef = 9636DC431FE122CF005B93BD /* crop_canvas.png */; };
		9636DC991FE122CF005B93BD /* crop_circle.png in Resources */ = {isa = PBXBuildFile; fileRef = 9636DC441FE122CF005B93BD /* crop_circle.png */; };
		9636DC9A1FE122CF005B93BD /* crop_free.png in Resources */ = {isa = PBXBuildFile; fileRef = 9636DC451FE122CF005B93BD /* crop_free.png */; };
		9636DC9B1FE122CF005B93BD /* crop_free.selected.png in Resources */ = {isa = PBXBuildFile; fileRef = 9636DC461FE122CF005B93BD /* crop_free.selected.png */; };
		9636DC9C1FE122CF005B93BD /* crop_image.png in Resources */ = {isa = PBXBuildFile; fileRef = 9636DC471FE122CF005B93BD /* crop_image.png */; };
		9636DC9D1FE122CF005B93BD /* crop_oval.png in Resources */ = {isa = PBXBuildFile; fileRef = 9636DC481FE122CF005B93BD /* crop_oval.png */; };
		9636DC9E1FE122CF005B93BD /* crop_path_c.png in Resources */ = {isa = PBXBuildFile; fileRef = 9636DC491FE122CF005B93BD /* crop_path_c.png */; };
		9636DC9F1FE122CF005B93BD /* crop_path_s.png in Resources */ = {isa = PBXBuildFile; fileRef = 9636DC4A1FE122CF005B93BD /* crop_path_s.png */; };
		9636DCA01FE122CF005B93BD /* crop_polygon.png in Resources */ = {isa = PBXBuildFile; fileRef = 9636DC4B1FE122CF005B93BD /* crop_polygon.png */; };
		9636DCA11FE122CF005B93BD /* crop_square.png in Resources */ = {isa = PBXBuildFile; fileRef = 9636DC4C1FE122CF005B93BD /* crop_square.png */; };
		9636DCA21FE122CF005B93BD /* crop_triangle.png in Resources */ = {isa = PBXBuildFile; fileRef = 9636DC4D1FE122CF005B93BD /* crop_triangle.png */; };
		9636DCA31FE122CF005B93BD /* done.png in Resources */ = {isa = PBXBuildFile; fileRef = 9636DC4E1FE122CF005B93BD /* done.png */; };
		9636DCA41FE122CF005B93BD /* fullCanvas.png in Resources */ = {isa = PBXBuildFile; fileRef = 9636DC4F1FE122CF005B93BD /* fullCanvas.png */; };
		9636DCA51FE122CF005B93BD /* fullCanvas_scaleFill.png in Resources */ = {isa = PBXBuildFile; fileRef = 9636DC501FE122CF005B93BD /* fullCanvas_scaleFill.png */; };
		9636DCA61FE122CF005B93BD /* fullCanvas_scaleFit.png in Resources */ = {isa = PBXBuildFile; fileRef = 9636DC511FE122CF005B93BD /* fullCanvas_scaleFit.png */; };
		9636DCA71FE122CF005B93BD /* index.png in Resources */ = {isa = PBXBuildFile; fileRef = 9636DC521FE122CF005B93BD /* index.png */; };
		9636DCA81FE122CF005B93BD /* mark.png in Resources */ = {isa = PBXBuildFile; fileRef = 9636DC531FE122CF005B93BD /* mark.png */; };
		9636DCA91FE122CF005B93BD /* mark2.png in Resources */ = {isa = PBXBuildFile; fileRef = 9636DC541FE122CF005B93BD /* mark2.png */; };
		9636DCAA1FE122CF005B93BD /* redo.png in Resources */ = {isa = PBXBuildFile; fileRef = 9636DC551FE122CF005B93BD /* redo.png */; };
		9636DCAB1FE122CF005B93BD /* rotate.png in Resources */ = {isa = PBXBuildFile; fileRef = 9636DC561FE122CF005B93BD /* rotate.png */; };
		9636DCAC1FE122CF005B93BD /* rotate.selected.png in Resources */ = {isa = PBXBuildFile; fileRef = 9636DC571FE122CF005B93BD /* rotate.selected.png */; };
		9636DCAD1FE122CF005B93BD /* rotate_90.png in Resources */ = {isa = PBXBuildFile; fileRef = 9636DC581FE122CF005B93BD /* rotate_90.png */; };
		9636DCAE1FE122CF005B93BD /* rotate_left.png in Resources */ = {isa = PBXBuildFile; fileRef = 9636DC591FE122CF005B93BD /* rotate_left.png */; };
		9636DCAF1FE122CF005B93BD /* rotate_right.png in Resources */ = {isa = PBXBuildFile; fileRef = 9636DC5A1FE122CF005B93BD /* rotate_right.png */; };
		9636DCB01FE122CF005B93BD /* undo.png in Resources */ = {isa = PBXBuildFile; fileRef = 9636DC5B1FE122CF005B93BD /* undo.png */; };
		9636DCB11FE122CF005B93BD /* ImageEditor2Nib.xib in Resources */ = {isa = PBXBuildFile; fileRef = 9636DC5C1FE122CF005B93BD /* ImageEditor2Nib.xib */; };
		9636DCB31FE122CF005B93BD /* Info.plist in Resources */ = {isa = PBXBuildFile; fileRef = 9636DC5E1FE122CF005B93BD /* Info.plist */; };
		9636DCC01FE122CF005B93BD /* ViewController.swift in Sources */ = {isa = PBXBuildFile; fileRef = 9636DC6C1FE122CF005B93BD /* ViewController.swift */; };
		9636DCC11FE122CF005B93BD /* WPAngleRuler.swift in Sources */ = {isa = PBXBuildFile; fileRef = 9636DC6D1FE122CF005B93BD /* WPAngleRuler.swift */; };
		9636DCC21FE122CF005B93BD /* WPBaseEditorView.swift in Sources */ = {isa = PBXBuildFile; fileRef = 9636DC6E1FE122CF005B93BD /* WPBaseEditorView.swift */; };
		9636DCC31FE122CF005B93BD /* WPCropEditorView.swift in Sources */ = {isa = PBXBuildFile; fileRef = 9636DC6F1FE122CF005B93BD /* WPCropEditorView.swift */; };
		9636DCC41FE122CF005B93BD /* WPExtension.swift in Sources */ = {isa = PBXBuildFile; fileRef = 9636DC701FE122CF005B93BD /* WPExtension.swift */; };
		9636DCC51FE122CF005B93BD /* WPFreePathView.swift in Sources */ = {isa = PBXBuildFile; fileRef = 9636DC711FE122CF005B93BD /* WPFreePathView.swift */; };
		9636DCC61FE122CF005B93BD /* WPSideMenu.swift in Sources */ = {isa = PBXBuildFile; fileRef = 9636DC721FE122CF005B93BD /* WPSideMenu.swift */; };
		96E3437A201AFEE800AB031E /* Default-568h@2x.png in Resources */ = {isa = PBXBuildFile; fileRef = 96E34379201AFEE800AB031E /* Default-568h@2x.png */; };
/* End PBXBuildFile section */

/* Begin PBXFileReference section */
		9636DC191FE122CF005B93BD /* AppDelegate.swift */ = {isa = PBXFileReference; fileEncoding = 4; lastKnownFileType = sourcecode.swift; path = AppDelegate.swift; sourceTree = "<group>"; };
		9636DC1A1FE122CF005B93BD /* Assets.xcassets */ = {isa = PBXFileReference; lastKnownFileType = folder.assetcatalog; path = Assets.xcassets; sourceTree = "<group>"; };
		9636DC201FE122CF005B93BD /* Base */ = {isa = PBXFileReference; lastKnownFileType = file.storyboard; name = Base; path = Base.lproj/LaunchScreen.storyboard; sourceTree = "<group>"; };
		9636DC221FE122CF005B93BD /* Base */ = {isa = PBXFileReference; lastKnownFileType = file.storyboard; name = Base; path = Base.lproj/Main.storyboard; sourceTree = "<group>"; };
		9636DC3C1FE122CF005B93BD /* cancel.png */ = {isa = PBXFileReference; lastKnownFileType = image.png; path = cancel.png; sourceTree = "<group>"; };
		9636DC3D1FE122CF005B93BD /* center.png */ = {isa = PBXFileReference; lastKnownFileType = image.png; path = center.png; sourceTree = "<group>"; };
		9636DC3E1FE122CF005B93BD /* center.selected.png */ = {isa = PBXFileReference; lastKnownFileType = image.png; path = center.selected.png; sourceTree = "<group>"; };
		9636DC3F1FE122CF005B93BD /* crop.png */ = {isa = PBXFileReference; lastKnownFileType = image.png; path = crop.png; sourceTree = "<group>"; };
		9636DC401FE122CF005B93BD /* crop.selected.png */ = {isa = PBXFileReference; lastKnownFileType = image.png; path = crop.selected.png; sourceTree = "<group>"; };
		9636DC411FE122CF005B93BD /* crop_169.png */ = {isa = PBXFileReference; lastKnownFileType = image.png; path = crop_169.png; sourceTree = "<group>"; };
		9636DC421FE122CF005B93BD /* crop_43.png */ = {isa = PBXFileReference; lastKnownFileType = image.png; path = crop_43.png; sourceTree = "<group>"; };
		9636DC431FE122CF005B93BD /* crop_canvas.png */ = {isa = PBXFileReference; lastKnownFileType = image.png; path = crop_canvas.png; sourceTree = "<group>"; };
		9636DC441FE122CF005B93BD /* crop_circle.png */ = {isa = PBXFileReference; lastKnownFileType = image.png; path = crop_circle.png; sourceTree = "<group>"; };
		9636DC451FE122CF005B93BD /* crop_free.png */ = {isa = PBXFileReference; lastKnownFileType = image.png; path = crop_free.png; sourceTree = "<group>"; };
		9636DC461FE122CF005B93BD /* crop_free.selected.png */ = {isa = PBXFileReference; lastKnownFileType = image.png; path = crop_free.selected.png; sourceTree = "<group>"; };
		9636DC471FE122CF005B93BD /* crop_image.png */ = {isa = PBXFileReference; lastKnownFileType = image.png; path = crop_image.png; sourceTree = "<group>"; };
		9636DC481FE122CF005B93BD /* crop_oval.png */ = {isa = PBXFileReference; lastKnownFileType = image.png; path = crop_oval.png; sourceTree = "<group>"; };
		9636DC491FE122CF005B93BD /* crop_path_c.png */ = {isa = PBXFileReference; lastKnownFileType = image.png; path = crop_path_c.png; sourceTree = "<group>"; };
		9636DC4A1FE122CF005B93BD /* crop_path_s.png */ = {isa = PBXFileReference; lastKnownFileType = image.png; path = crop_path_s.png; sourceTree = "<group>"; };
		9636DC4B1FE122CF005B93BD /* crop_polygon.png */ = {isa = PBXFileReference; lastKnownFileType = image.png; path = crop_polygon.png; sourceTree = "<group>"; };
		9636DC4C1FE122CF005B93BD /* crop_square.png */ = {isa = PBXFileReference; lastKnownFileType = image.png; path = crop_square.png; sourceTree = "<group>"; };
		9636DC4D1FE122CF005B93BD /* crop_triangle.png */ = {isa = PBXFileReference; lastKnownFileType = image.png; path = crop_triangle.png; sourceTree = "<group>"; };
		9636DC4E1FE122CF005B93BD /* done.png */ = {isa = PBXFileReference; lastKnownFileType = image.png; path = done.png; sourceTree = "<group>"; };
		9636DC4F1FE122CF005B93BD /* fullCanvas.png */ = {isa = PBXFileReference; lastKnownFileType = image.png; path = fullCanvas.png; sourceTree = "<group>"; };
		9636DC501FE122CF005B93BD /* fullCanvas_scaleFill.png */ = {isa = PBXFileReference; lastKnownFileType = image.png; path = fullCanvas_scaleFill.png; sourceTree = "<group>"; };
		9636DC511FE122CF005B93BD /* fullCanvas_scaleFit.png */ = {isa = PBXFileReference; lastKnownFileType = image.png; path = fullCanvas_scaleFit.png; sourceTree = "<group>"; };
		9636DC521FE122CF005B93BD /* index.png */ = {isa = PBXFileReference; lastKnownFileType = image.png; path = index.png; sourceTree = "<group>"; };
		9636DC531FE122CF005B93BD /* mark.png */ = {isa = PBXFileReference; lastKnownFileType = image.png; path = mark.png; sourceTree = "<group>"; };
		9636DC541FE122CF005B93BD /* mark2.png */ = {isa = PBXFileReference; lastKnownFileType = image.png; path = mark2.png; sourceTree = "<group>"; };
		9636DC551FE122CF005B93BD /* redo.png */ = {isa = PBXFileReference; lastKnownFileType = image.png; path = redo.png; sourceTree = "<group>"; };
		9636DC561FE122CF005B93BD /* rotate.png */ = {isa = PBXFileReference; lastKnownFileType = image.png; path = rotate.png; sourceTree = "<group>"; };
		9636DC571FE122CF005B93BD /* rotate.selected.png */ = {isa = PBXFileReference; lastKnownFileType = image.png; path = rotate.selected.png; sourceTree = "<group>"; };
		9636DC581FE122CF005B93BD /* rotate_90.png */ = {isa = PBXFileReference; lastKnownFileType = image.png; path = rotate_90.png; sourceTree = "<group>"; };
		9636DC591FE122CF005B93BD /* rotate_left.png */ = {isa = PBXFileReference; lastKnownFileType = image.png; path = rotate_left.png; sourceTree = "<group>"; };
		9636DC5A1FE122CF005B93BD /* rotate_right.png */ = {isa = PBXFileReference; lastKnownFileType = image.png; path = rotate_right.png; sourceTree = "<group>"; };
		9636DC5B1FE122CF005B93BD /* undo.png */ = {isa = PBXFileReference; lastKnownFileType = image.png; path = undo.png; sourceTree = "<group>"; };
		9636DC5C1FE122CF005B93BD /* ImageEditor2Nib.xib */ = {isa = PBXFileReference; fileEncoding = 4; lastKnownFileType = file.xib; path = ImageEditor2Nib.xib; sourceTree = "<group>"; };
		9636DC5E1FE122CF005B93BD /* Info.plist */ = {isa = PBXFileReference; fileEncoding = 4; lastKnownFileType = text.plist.xml; path = Info.plist; sourceTree = "<group>"; };
		9636DC6C1FE122CF005B93BD /* ViewController.swift */ = {isa = PBXFileReference; fileEncoding = 4; lastKnownFileType = sourcecode.swift; path = ViewController.swift; sourceTree = "<group>"; };
		9636DC6D1FE122CF005B93BD /* WPAngleRuler.swift */ = {isa = PBXFileReference; fileEncoding = 4; lastKnownFileType = sourcecode.swift; path = WPAngleRuler.swift; sourceTree = "<group>"; };
		9636DC6E1FE122CF005B93BD /* WPBaseEditorView.swift */ = {isa = PBXFileReference; fileEncoding = 4; lastKnownFileType = sourcecode.swift; path = WPBaseEditorView.swift; sourceTree = "<group>"; };
		9636DC6F1FE122CF005B93BD /* WPCropEditorView.swift */ = {isa = PBXFileReference; fileEncoding = 4; lastKnownFileType = sourcecode.swift; path = WPCropEditorView.swift; sourceTree = "<group>"; };
		9636DC701FE122CF005B93BD /* WPExtension.swift */ = {isa = PBXFileReference; fileEncoding = 4; lastKnownFileType = sourcecode.swift; path = WPExtension.swift; sourceTree = "<group>"; };
		9636DC711FE122CF005B93BD /* WPFreePathView.swift */ = {isa = PBXFileReference; fileEncoding = 4; lastKnownFileType = sourcecode.swift; path = WPFreePathView.swift; sourceTree = "<group>"; };
		9636DC721FE122CF005B93BD /* WPSideMenu.swift */ = {isa = PBXFileReference; fileEncoding = 4; lastKnownFileType = sourcecode.swift; path = WPSideMenu.swift; sourceTree = "<group>"; };
		966025481FAC45A200BEA651 /* imageEditor.app */ = {isa = PBXFileReference; explicitFileType = wrapper.application; includeInIndex = 0; path = imageEditor.app; sourceTree = BUILT_PRODUCTS_DIR; };
		96E34379201AFEE800AB031E /* Default-568h@2x.png */ = {isa = PBXFileReference; lastKnownFileType = image.png; path = "Default-568h@2x.png"; sourceTree = "<group>"; };
/* End PBXFileReference section */

/* Begin PBXFrameworksBuildPhase section */
		966025451FAC45A200BEA651 /* Frameworks */ = {
			isa = PBXFrameworksBuildPhase;
			buildActionMask = 2147483647;
			files = (
			);
			runOnlyForDeploymentPostprocessing = 0;
		};
/* End PBXFrameworksBuildPhase section */

/* Begin PBXGroup section */
		9636DC3B1FE122CF005B93BD /* icons */ = {
			isa = PBXGroup;
			children = (
				9636DC3C1FE122CF005B93BD /* cancel.png */,
				9636DC3D1FE122CF005B93BD /* center.png */,
				9636DC3E1FE122CF005B93BD /* center.selected.png */,
				9636DC3F1FE122CF005B93BD /* crop.png */,
				9636DC401FE122CF005B93BD /* crop.selected.png */,
				9636DC411FE122CF005B93BD /* crop_169.png */,
				9636DC421FE122CF005B93BD /* crop_43.png */,
				9636DC431FE122CF005B93BD /* crop_canvas.png */,
				9636DC441FE122CF005B93BD /* crop_circle.png */,
				9636DC451FE122CF005B93BD /* crop_free.png */,
				9636DC461FE122CF005B93BD /* crop_free.selected.png */,
				9636DC471FE122CF005B93BD /* crop_image.png */,
				9636DC481FE122CF005B93BD /* crop_oval.png */,
				9636DC491FE122CF005B93BD /* crop_path_c.png */,
				9636DC4A1FE122CF005B93BD /* crop_path_s.png */,
				9636DC4B1FE122CF005B93BD /* crop_polygon.png */,
				9636DC4C1FE122CF005B93BD /* crop_square.png */,
				9636DC4D1FE122CF005B93BD /* crop_triangle.png */,
				9636DC4E1FE122CF005B93BD /* done.png */,
				9636DC4F1FE122CF005B93BD /* fullCanvas.png */,
				9636DC501FE122CF005B93BD /* fullCanvas_scaleFill.png */,
				9636DC511FE122CF005B93BD /* fullCanvas_scaleFit.png */,
				9636DC521FE122CF005B93BD /* index.png */,
				9636DC531FE122CF005B93BD /* mark.png */,
				9636DC541FE122CF005B93BD /* mark2.png */,
				9636DC551FE122CF005B93BD /* redo.png */,
				9636DC561FE122CF005B93BD /* rotate.png */,
				9636DC571FE122CF005B93BD /* rotate.selected.png */,
				9636DC581FE122CF005B93BD /* rotate_90.png */,
				9636DC591FE122CF005B93BD /* rotate_left.png */,
				9636DC5A1FE122CF005B93BD /* rotate_right.png */,
				9636DC5B1FE122CF005B93BD /* undo.png */,
			);
			path = icons;
			sourceTree = "<group>";
		};
		9660253F1FAC45A200BEA651 = {
			isa = PBXGroup;
			children = (
				96E34379201AFEE800AB031E /* Default-568h@2x.png */,
				9636DC6C1FE122CF005B93BD /* ViewController.swift */,
				9636DC3B1FE122CF005B93BD /* icons */,
				96E34378201AFEB600AB031E /* Main */,
				96E34377201AFEA600AB031E /* kernel */,
				966025491FAC45A200BEA651 /* Products */,
			);
			sourceTree = "<group>";
		};
		966025491FAC45A200BEA651 /* Products */ = {
			isa = PBXGroup;
			children = (
				966025481FAC45A200BEA651 /* imageEditor.app */,
			);
			name = Products;
			sourceTree = "<group>";
		};
		96E34377201AFEA600AB031E /* kernel */ = {
			isa = PBXGroup;
			children = (
				9636DC6D1FE122CF005B93BD /* WPAngleRuler.swift */,
				9636DC6E1FE122CF005B93BD /* WPBaseEditorView.swift */,
				9636DC6F1FE122CF005B93BD /* WPCropEditorView.swift */,
				9636DC701FE122CF005B93BD /* WPExtension.swift */,
				9636DC711FE122CF005B93BD /* WPFreePathView.swift */,
				9636DC721FE122CF005B93BD /* WPSideMenu.swift */,
			);
			path = kernel;
			sourceTree = "<group>";
		};
		96E34378201AFEB600AB031E /* Main */ = {
			isa = PBXGroup;
			children = (
				9636DC5E1FE122CF005B93BD /* Info.plist */,
				9636DC191FE122CF005B93BD /* AppDelegate.swift */,
				9636DC1A1FE122CF005B93BD /* Assets.xcassets */,
				9636DC1F1FE122CF005B93BD /* LaunchScreen.storyboard */,
				9636DC211FE122CF005B93BD /* Main.storyboard */,
				9636DC5C1FE122CF005B93BD /* ImageEditor2Nib.xib */,
			);
			path = Main;
			sourceTree = "<group>";
		};
/* End PBXGroup section */

/* Begin PBXNativeTarget section */
		966025471FAC45A200BEA651 /* imageEditor */ = {
			isa = PBXNativeTarget;
			buildConfigurationList = 9660255A1FAC45A200BEA651 /* Build configuration list for PBXNativeTarget "imageEditor" */;
			buildPhases = (
				966025441FAC45A200BEA651 /* Sources */,
				966025451FAC45A200BEA651 /* Frameworks */,
				966025461FAC45A200BEA651 /* Resources */,
			);
			buildRules = (
			);
			dependencies = (
			);
			name = imageEditor;
			productName = imageEditor;
			productReference = 966025481FAC45A200BEA651 /* imageEditor.app */;
			productType = "com.apple.product-type.application";
		};
/* End PBXNativeTarget section */

/* Begin PBXProject section */
		966025401FAC45A200BEA651 /* Project object */ = {
			isa = PBXProject;
			attributes = {
				LastSwiftUpdateCheck = 0830;
				LastUpgradeCheck = 0920;
				ORGANIZATIONNAME = pow;
				TargetAttributes = {
					966025471FAC45A200BEA651 = {
						CreatedOnToolsVersion = 8.3.3;
						DevelopmentTeam = 387DLK86QQ;
						LastSwiftMigration = 0910;
						ProvisioningStyle = Automatic;
					};
				};
			};
			buildConfigurationList = 966025431FAC45A200BEA651 /* Build configuration list for PBXProject "imageEditor" */;
			compatibilityVersion = "Xcode 3.2";
			developmentRegion = English;
			hasScannedForEncodings = 0;
			knownRegions = (
				en,
				Base,
			);
			mainGroup = 9660253F1FAC45A200BEA651;
			productRefGroup = 966025491FAC45A200BEA651 /* Products */;
			projectDirPath = "";
			projectRoot = "";
			targets = (
				966025471FAC45A200BEA651 /* imageEditor */,
			);
		};
/* End PBXProject section */

/* Begin PBXResourcesBuildPhase section */
		966025461FAC45A200BEA651 /* Resources */ = {
			isa = PBXResourcesBuildPhase;
			buildActionMask = 2147483647;
			files = (
				9636DC791FE122CF005B93BD /* Main.storyboard in Resources */,
				9636DCB11FE122CF005B93BD /* ImageEditor2Nib.xib in Resources */,
				9636DCA01FE122CF005B93BD /* crop_polygon.png in Resources */,
				9636DCAB1FE122CF005B93BD /* rotate.png in Resources */,
				9636DCA51FE122CF005B93BD /* fullCanvas_scaleFill.png in Resources */,
				9636DCAA1FE122CF005B93BD /* redo.png in Resources */,
				9636DC971FE122CF005B93BD /* crop_43.png in Resources */,
				9636DCAF1FE122CF005B93BD /* rotate_right.png in Resources */,
				9636DC921FE122CF005B93BD /* center.png in Resources */,
				9636DC951FE122CF005B93BD /* crop.selected.png in Resources */,
				9636DC941FE122CF005B93BD /* crop.png in Resources */,
				9636DC781FE122CF005B93BD /* LaunchScreen.storyboard in Resources */,
				9636DCAE1FE122CF005B93BD /* rotate_left.png in Resources */,
				9636DCAD1FE122CF005B93BD /* rotate_90.png in Resources */,
				9636DCA21FE122CF005B93BD /* crop_triangle.png in Resources */,
				9636DCA81FE122CF005B93BD /* mark.png in Resources */,
				9636DCB31FE122CF005B93BD /* Info.plist in Resources */,
				9636DC751FE122CF005B93BD /* Assets.xcassets in Resources */,
				9636DCA41FE122CF005B93BD /* fullCanvas.png in Resources */,
				9636DCB01FE122CF005B93BD /* undo.png in Resources */,
				9636DCA71FE122CF005B93BD /* index.png in Resources */,
				9636DC981FE122CF005B93BD /* crop_canvas.png in Resources */,
				9636DC931FE122CF005B93BD /* center.selected.png in Resources */,
				9636DCA31FE122CF005B93BD /* done.png in Resources */,
				9636DC9E1FE122CF005B93BD /* crop_path_c.png in Resources */,
				9636DC9D1FE122CF005B93BD /* crop_oval.png in Resources */,
				9636DC911FE122CF005B93BD /* cancel.png in Resources */,
				9636DC961FE122CF005B93BD /* crop_169.png in Resources */,
				9636DC9F1FE122CF005B93BD /* crop_path_s.png in Resources */,
				9636DC9A1FE122CF005B93BD /* crop_free.png in Resources */,
				9636DC9B1FE122CF005B93BD /* crop_free.selected.png in Resources */,
				96E3437A201AFEE800AB031E /* Default-568h@2x.png in Resources */,
				9636DCA91FE122CF005B93BD /* mark2.png in Resources */,
				9636DCA61FE122CF005B93BD /* fullCanvas_scaleFit.png in Resources */,
				9636DC9C1FE122CF005B93BD /* crop_image.png in Resources */,
				9636DCAC1FE122CF005B93BD /* rotate.selected.png in Resources */,
				9636DCA11FE122CF005B93BD /* crop_square.png in Resources */,
				9636DC991FE122CF005B93BD /* crop_circle.png in Resources */,
			);
			runOnlyForDeploymentPostprocessing = 0;
		};
/* End PBXResourcesBuildPhase section */

/* Begin PBXSourcesBuildPhase section */
		966025441FAC45A200BEA651 /* Sources */ = {
			isa = PBXSourcesBuildPhase;
			buildActionMask = 2147483647;
			files = (
				9636DCC51FE122CF005B93BD /* WPFreePathView.swift in Sources */,
				9636DC741FE122CF005B93BD /* AppDelegate.swift in Sources */,
				9636DCC21FE122CF005B93BD /* WPBaseEditorView.swift in Sources */,
				9636DCC11FE122CF005B93BD /* WPAngleRuler.swift in Sources */,
				9636DCC61FE122CF005B93BD /* WPSideMenu.swift in Sources */,
				9636DCC41FE122CF005B93BD /* WPExtension.swift in Sources */,
				9636DCC01FE122CF005B93BD /* ViewController.swift in Sources */,
				9636DCC31FE122CF005B93BD /* WPCropEditorView.swift in Sources */,
			);
			runOnlyForDeploymentPostprocessing = 0;
		};
/* End PBXSourcesBuildPhase section */

/* Begin PBXVariantGroup section */
		9636DC1F1FE122CF005B93BD /* LaunchScreen.storyboard */ = {
			isa = PBXVariantGroup;
			children = (
				9636DC201FE122CF005B93BD /* Base */,
			);
			name = LaunchScreen.storyboard;
			sourceTree = "<group>";
		};
		9636DC211FE122CF005B93BD /* Main.storyboard */ = {
			isa = PBXVariantGroup;
			children = (
				9636DC221FE122CF005B93BD /* Base */,
			);
			name = Main.storyboard;
			sourceTree = "<group>";
		};
/* End PBXVariantGroup section */

/* Begin XCBuildConfiguration section */
		966025581FAC45A200BEA651 /* Debug */ = {
			isa = XCBuildConfiguration;
			buildSettings = {
				ALWAYS_SEARCH_USER_PATHS = NO;
				CLANG_ANALYZER_NONNULL = YES;
				CLANG_ANALYZER_NUMBER_OBJECT_CONVERSION = YES_AGGRESSIVE;
				CLANG_CXX_LANGUAGE_STANDARD = "gnu++0x";
				CLANG_CXX_LIBRARY = "libc++";
				CLANG_ENABLE_MODULES = YES;
				CLANG_ENABLE_OBJC_ARC = YES;
				CLANG_WARN_BLOCK_CAPTURE_AUTORELEASING = YES;
				CLANG_WARN_BOOL_CONVERSION = YES;
				CLANG_WARN_COMMA = YES;
				CLANG_WARN_CONSTANT_CONVERSION = YES;
				CLANG_WARN_DIRECT_OBJC_ISA_USAGE = YES_ERROR;
				CLANG_WARN_DOCUMENTATION_COMMENTS = YES;
				CLANG_WARN_EMPTY_BODY = YES;
				CLANG_WARN_ENUM_CONVERSION = YES;
				CLANG_WARN_INFINITE_RECURSION = YES;
				CLANG_WARN_INT_CONVERSION = YES;
				CLANG_WARN_NON_LITERAL_NULL_CONVERSION = YES;
				CLANG_WARN_OBJC_LITERAL_CONVERSION = YES;
				CLANG_WARN_OBJC_ROOT_CLASS = YES_ERROR;
				CLANG_WARN_RANGE_LOOP_ANALYSIS = YES;
				CLANG_WARN_STRICT_PROTOTYPES = YES;
				CLANG_WARN_SUSPICIOUS_MOVE = YES;
				CLANG_WARN_UNREACHABLE_CODE = YES;
				CLANG_WARN__DUPLICATE_METHOD_MATCH = YES;
				"CODE_SIGN_IDENTITY[sdk=iphoneos*]" = "iPhone Developer";
				COPY_PHASE_STRIP = NO;
				DEBUG_INFORMATION_FORMAT = dwarf;
				ENABLE_STRICT_OBJC_MSGSEND = YES;
				ENABLE_TESTABILITY = YES;
				GCC_C_LANGUAGE_STANDARD = gnu99;
				GCC_DYNAMIC_NO_PIC = NO;
				GCC_NO_COMMON_BLOCKS = YES;
				GCC_OPTIMIZATION_LEVEL = 0;
				GCC_PREPROCESSOR_DEFINITIONS = (
					"DEBUG=1",
					"$(inherited)",
				);
				GCC_WARN_64_TO_32_BIT_CONVERSION = YES;
				GCC_WARN_ABOUT_RETURN_TYPE = YES_ERROR;
				GCC_WARN_UNDECLARED_SELECTOR = YES;
				GCC_WARN_UNINITIALIZED_AUTOS = YES_AGGRESSIVE;
				GCC_WARN_UNUSED_FUNCTION = YES;
				GCC_WARN_UNUSED_VARIABLE = YES;
				IPHONEOS_DEPLOYMENT_TARGET = 10.3;
				MTL_ENABLE_DEBUG_INFO = YES;
				ONLY_ACTIVE_ARCH = YES;
				SDKROOT = iphoneos;
				SWIFT_ACTIVE_COMPILATION_CONDITIONS = DEBUG;
				SWIFT_OPTIMIZATION_LEVEL = "-Onone";
				TARGETED_DEVICE_FAMILY = "1,2";
			};
			name = Debug;
		};
		966025591FAC45A200BEA651 /* Release */ = {
			isa = XCBuildConfiguration;
			buildSettings = {
				ALWAYS_SEARCH_USER_PATHS = NO;
				CLANG_ANALYZER_NONNULL = YES;
				CLANG_ANALYZER_NUMBER_OBJECT_CONVERSION = YES_AGGRESSIVE;
				CLANG_CXX_LANGUAGE_STANDARD = "gnu++0x";
				CLANG_CXX_LIBRARY = "libc++";
				CLANG_ENABLE_MODULES = YES;
				CLANG_ENABLE_OBJC_ARC = YES;
				CLANG_WARN_BLOCK_CAPTURE_AUTORELEASING = YES;
				CLANG_WARN_BOOL_CONVERSION = YES;
				CLANG_WARN_COMMA = YES;
				CLANG_WARN_CONSTANT_CONVERSION = YES;
				CLANG_WARN_DIRECT_OBJC_ISA_USAGE = YES_ERROR;
				CLANG_WARN_DOCUMENTATION_COMMENTS = YES;
				CLANG_WARN_EMPTY_BODY = YES;
				CLANG_WARN_ENUM_CONVERSION = YES;
				CLANG_WARN_INFINITE_RECURSION = YES;
				CLANG_WARN_INT_CONVERSION = YES;
				CLANG_WARN_NON_LITERAL_NULL_CONVERSION = YES;
				CLANG_WARN_OBJC_LITERAL_CONVERSION = YES;
				CLANG_WARN_OBJC_ROOT_CLASS = YES_ERROR;
				CLANG_WARN_RANGE_LOOP_ANALYSIS = YES;
				CLANG_WARN_STRICT_PROTOTYPES = YES;
				CLANG_WARN_SUSPICIOUS_MOVE = YES;
				CLANG_WARN_UNREACHABLE_CODE = YES;
				CLANG_WARN__DUPLICATE_METHOD_MATCH = YES;
				"CODE_SIGN_IDENTITY[sdk=iphoneos*]" = "iPhone Developer";
				COPY_PHASE_STRIP = NO;
				DEBUG_INFORMATION_FORMAT = "dwarf-with-dsym";
				ENABLE_NS_ASSERTIONS = NO;
				ENABLE_STRICT_OBJC_MSGSEND = YES;
				GCC_C_LANGUAGE_STANDARD = gnu99;
				GCC_NO_COMMON_BLOCKS = YES;
				GCC_WARN_64_TO_32_BIT_CONVERSION = YES;
				GCC_WARN_ABOUT_RETURN_TYPE = YES_ERROR;
				GCC_WARN_UNDECLARED_SELECTOR = YES;
				GCC_WARN_UNINITIALIZED_AUTOS = YES_AGGRESSIVE;
				GCC_WARN_UNUSED_FUNCTION = YES;
				GCC_WARN_UNUSED_VARIABLE = YES;
				IPHONEOS_DEPLOYMENT_TARGET = 10.3;
				MTL_ENABLE_DEBUG_INFO = NO;
				SDKROOT = iphoneos;
				SWIFT_OPTIMIZATION_LEVEL = "-Owholemodule";
				TARGETED_DEVICE_FAMILY = "1,2";
				VALIDATE_PRODUCT = YES;
			};
			name = Release;
		};
		9660255B1FAC45A200BEA651 /* Debug */ = {
			isa = XCBuildConfiguration;
			buildSettings = {
				CLANG_ENABLE_MODULES = YES;
				DEVELOPMENT_TEAM = 387DLK86QQ;
				INFOPLIST_FILE = "$(SRCROOT)/Main/Info.plist";
				LD_RUNPATH_SEARCH_PATHS = "$(inherited) @executable_path/Frameworks";
				PRODUCT_BUNDLE_IDENTIFIER = com.powWong.imageEditor;
				PRODUCT_NAME = "$(TARGET_NAME)";
				SWIFT_OPTIMIZATION_LEVEL = "-Onone";
				SWIFT_VERSION = 3.0;
			};
			name = Debug;
		};
		9660255C1FAC45A200BEA651 /* Release */ = {
			isa = XCBuildConfiguration;
			buildSettings = {
				CLANG_ENABLE_MODULES = YES;
				DEVELOPMENT_TEAM = 387DLK86QQ;
				INFOPLIST_FILE = "$(SRCROOT)/Main/Info.plist";
				LD_RUNPATH_SEARCH_PATHS = "$(inherited) @executable_path/Frameworks";
				PRODUCT_BUNDLE_IDENTIFIER = com.powWong.imageEditor;
				PRODUCT_NAME = "$(TARGET_NAME)";
				SWIFT_VERSION = 3.0;
			};
			name = Release;
		};
/* End XCBuildConfiguration section */

/* Begin XCConfigurationList section */
		966025431FAC45A200BEA651 /* Build configuration list for PBXProject "imageEditor" */ = {
			isa = XCConfigurationList;
			buildConfigurations = (
				966025581FAC45A200BEA651 /* Debug */,
				966025591FAC45A200BEA651 /* Release */,
			);
			defaultConfigurationIsVisible = 0;
			defaultConfigurationName = Release;
		};
		9660255A1FAC45A200BEA651 /* Build configuration list for PBXNativeTarget "imageEditor" */ = {
			isa = XCConfigurationList;
			buildConfigurations = (
				9660255B1FAC45A200BEA651 /* Debug */,
				9660255C1FAC45A200BEA651 /* Release */,
			);
			defaultConfigurationIsVisible = 0;
			defaultConfigurationName = Release;
		};
/* End XCConfigurationList section */
	};
	rootObject = 966025401FAC45A200BEA651 /* Project object */;
}
