// !$*UTF8*$!
{
	archiveVersion = 1;
	classes = {
	};
	objectVersion = 46;
	objects = {

/* Begin PBXBuildFile section */
		963B005B1FC5820000D2B426 /* crop_path_c.png in Resources */ = {isa = PBXBuildFile; fileRef = 963B005A1FC5820000D2B426 /* crop_path_c.png */; };
		963B005D1FC5824300D2B426 /* crop_path_s.png in Resources */ = {isa = PBXBuildFile; fileRef = 963B005C1FC5824300D2B426 /* crop_path_s.png */; };
		964709341FC415D800C339AF /* mark2.png in Resources */ = {isa = PBXBuildFile; fileRef = 964709331FC415D800C339AF /* mark2.png */; };
		9651A5E81FD0F3680055AE20 /* rotate_left.png in Resources */ = {isa = PBXBuildFile; fileRef = 9651A5E61FD0F3670055AE20 /* rotate_left.png */; };
		9651A5E91FD0F3680055AE20 /* rotate_right.png in Resources */ = {isa = PBXBuildFile; fileRef = 9651A5E71FD0F3680055AE20 /* rotate_right.png */; };
		966B06511FB4036A00CD588F /* AppDelegate.swift in Sources */ = {isa = PBXBuildFile; fileRef = 966B06501FB4036A00CD588F /* AppDelegate.swift */; };
		966B06531FB4036A00CD588F /* ViewController.swift in Sources */ = {isa = PBXBuildFile; fileRef = 966B06521FB4036A00CD588F /* ViewController.swift */; };
		966B06561FB4036A00CD588F /* Main.storyboard in Resources */ = {isa = PBXBuildFile; fileRef = 966B06541FB4036A00CD588F /* Main.storyboard */; };
		966B06581FB4036A00CD588F /* Assets.xcassets in Resources */ = {isa = PBXBuildFile; fileRef = 966B06571FB4036A00CD588F /* Assets.xcassets */; };
		966B065B1FB4036A00CD588F /* LaunchScreen.storyboard in Resources */ = {isa = PBXBuildFile; fileRef = 966B06591FB4036A00CD588F /* LaunchScreen.storyboard */; };
		966B06631FB403B300CD588F /* ImageEditor2Nib.xib in Resources */ = {isa = PBXBuildFile; fileRef = 966B06621FB403B300CD588F /* ImageEditor2Nib.xib */; };
		966B06691FB4047900CD588F /* WPBaseEditorView.swift in Sources */ = {isa = PBXBuildFile; fileRef = 966B06681FB4047900CD588F /* WPBaseEditorView.swift */; };
		966B066B1FB404B600CD588F /* WPCropEditorView.swift in Sources */ = {isa = PBXBuildFile; fileRef = 966B066A1FB404B600CD588F /* WPCropEditorView.swift */; };
		966B06721FB405A600CD588F /* WPFreePathView.swift in Sources */ = {isa = PBXBuildFile; fileRef = 966B06711FB405A600CD588F /* WPFreePathView.swift */; };
		966B06751FB4060F00CD588F /* WPExtension.swift in Sources */ = {isa = PBXBuildFile; fileRef = 966B06741FB4060F00CD588F /* WPExtension.swift */; };
		966B07041FB412FA00CD588F /* cancel.png in Resources */ = {isa = PBXBuildFile; fileRef = 966B06EA1FB412FA00CD588F /* cancel.png */; };
		966B07051FB412FA00CD588F /* center.png in Resources */ = {isa = PBXBuildFile; fileRef = 966B06EB1FB412FA00CD588F /* center.png */; };
		966B07061FB412FA00CD588F /* center.selected.png in Resources */ = {isa = PBXBuildFile; fileRef = 966B06EC1FB412FA00CD588F /* center.selected.png */; };
		966B07071FB412FA00CD588F /* crop_43.png in Resources */ = {isa = PBXBuildFile; fileRef = 966B06ED1FB412FA00CD588F /* crop_43.png */; };
		966B07081FB412FA00CD588F /* crop_169.png in Resources */ = {isa = PBXBuildFile; fileRef = 966B06EE1FB412FA00CD588F /* crop_169.png */; };
		966B07091FB412FA00CD588F /* crop_canvas.png in Resources */ = {isa = PBXBuildFile; fileRef = 966B06EF1FB412FA00CD588F /* crop_canvas.png */; };
		966B070A1FB412FA00CD588F /* crop_circle.png in Resources */ = {isa = PBXBuildFile; fileRef = 966B06F01FB412FA00CD588F /* crop_circle.png */; };
		966B070B1FB412FA00CD588F /* crop_free.png in Resources */ = {isa = PBXBuildFile; fileRef = 966B06F11FB412FA00CD588F /* crop_free.png */; };
		966B070C1FB412FA00CD588F /* crop_free.selected.png in Resources */ = {isa = PBXBuildFile; fileRef = 966B06F21FB412FA00CD588F /* crop_free.selected.png */; };
		966B070D1FB412FA00CD588F /* crop_image.png in Resources */ = {isa = PBXBuildFile; fileRef = 966B06F31FB412FA00CD588F /* crop_image.png */; };
		966B07101FB412FA00CD588F /* crop_polygon.png in Resources */ = {isa = PBXBuildFile; fileRef = 966B06F61FB412FA00CD588F /* crop_polygon.png */; };
		966B07111FB412FA00CD588F /* crop_square.png in Resources */ = {isa = PBXBuildFile; fileRef = 966B06F71FB412FA00CD588F /* crop_square.png */; };
		966B07121FB412FA00CD588F /* crop_triangle.png in Resources */ = {isa = PBXBuildFile; fileRef = 966B06F81FB412FA00CD588F /* crop_triangle.png */; };
		966B07131FB412FA00CD588F /* crop.png in Resources */ = {isa = PBXBuildFile; fileRef = 966B06F91FB412FA00CD588F /* crop.png */; };
		966B07141FB412FA00CD588F /* crop.selected.png in Resources */ = {isa = PBXBuildFile; fileRef = 966B06FA1FB412FA00CD588F /* crop.selected.png */; };
		966B07151FB412FA00CD588F /* done.png in Resources */ = {isa = PBXBuildFile; fileRef = 966B06FB1FB412FA00CD588F /* done.png */; };
		966B07161FB412FA00CD588F /* fullCanvas_scaleFill.png in Resources */ = {isa = PBXBuildFile; fileRef = 966B06FC1FB412FA00CD588F /* fullCanvas_scaleFill.png */; };
		966B07171FB412FA00CD588F /* fullCanvas_scaleFit.png in Resources */ = {isa = PBXBuildFile; fileRef = 966B06FD1FB412FA00CD588F /* fullCanvas_scaleFit.png */; };
		966B07181FB412FA00CD588F /* fullCanvas.png in Resources */ = {isa = PBXBuildFile; fileRef = 966B06FE1FB412FA00CD588F /* fullCanvas.png */; };
		966B07191FB412FA00CD588F /* redo.png in Resources */ = {isa = PBXBuildFile; fileRef = 966B06FF1FB412FA00CD588F /* redo.png */; };
		966B071A1FB412FA00CD588F /* rotate_90.png in Resources */ = {isa = PBXBuildFile; fileRef = 966B07001FB412FA00CD588F /* rotate_90.png */; };
		966B071B1FB412FA00CD588F /* rotate.png in Resources */ = {isa = PBXBuildFile; fileRef = 966B07011FB412FA00CD588F /* rotate.png */; };
		966B071C1FB412FA00CD588F /* rotate.selected.png in Resources */ = {isa = PBXBuildFile; fileRef = 966B07021FB412FA00CD588F /* rotate.selected.png */; };
		966B071F1FB42A1F00CD588F /* WPSideMenu.swift in Sources */ = {isa = PBXBuildFile; fileRef = 966B071E1FB42A1F00CD588F /* WPSideMenu.swift */; };
		966B07211FB4425300CD588F /* undo.png in Resources */ = {isa = PBXBuildFile; fileRef = 966B07201FB4425300CD588F /* undo.png */; };
		966B18A21FC29CA900A77EA2 /* WPAngleRuler.swift in Sources */ = {isa = PBXBuildFile; fileRef = 966B18A11FC29CA900A77EA2 /* WPAngleRuler.swift */; };
		966B18A41FC2A5FD00A77EA2 /* mark.png in Resources */ = {isa = PBXBuildFile; fileRef = 966B18A31FC2A5FD00A77EA2 /* mark.png */; };
		966B18A81FC2D03600A77EA2 /* ape_fwk_all.png in Resources */ = {isa = PBXBuildFile; fileRef = 966B18A71FC2D03600A77EA2 /* ape_fwk_all.png */; };
		968E9B271FB58377005E35AC /* crop_oval.png in Resources */ = {isa = PBXBuildFile; fileRef = 968E9B261FB58377005E35AC /* crop_oval.png */; };
		968E9B291FB59AD5005E35AC /* index.png in Resources */ = {isa = PBXBuildFile; fileRef = 968E9B281FB59AD5005E35AC /* index.png */; };
/* End PBXBuildFile section */

/* Begin PBXFileReference section */
		963B005A1FC5820000D2B426 /* crop_path_c.png */ = {isa = PBXFileReference; lastKnownFileType = image.png; path = crop_path_c.png; sourceTree = "<group>"; };
		963B005C1FC5824300D2B426 /* crop_path_s.png */ = {isa = PBXFileReference; lastKnownFileType = image.png; path = crop_path_s.png; sourceTree = "<group>"; };
		964709331FC415D800C339AF /* mark2.png */ = {isa = PBXFileReference; lastKnownFileType = image.png; path = mark2.png; sourceTree = "<group>"; };
		9651A5E61FD0F3670055AE20 /* rotate_left.png */ = {isa = PBXFileReference; lastKnownFileType = image.png; path = rotate_left.png; sourceTree = "<group>"; };
		9651A5E71FD0F3680055AE20 /* rotate_right.png */ = {isa = PBXFileReference; lastKnownFileType = image.png; path = rotate_right.png; sourceTree = "<group>"; };
		966B064D1FB4036A00CD588F /* WPImageEditor2.app */ = {isa = PBXFileReference; explicitFileType = wrapper.application; includeInIndex = 0; path = WPImageEditor2.app; sourceTree = BUILT_PRODUCTS_DIR; };
		966B06501FB4036A00CD588F /* AppDelegate.swift */ = {isa = PBXFileReference; lastKnownFileType = sourcecode.swift; path = AppDelegate.swift; sourceTree = "<group>"; };
		966B06521FB4036A00CD588F /* ViewController.swift */ = {isa = PBXFileReference; lastKnownFileType = sourcecode.swift; path = ViewController.swift; sourceTree = "<group>"; };
		966B06551FB4036A00CD588F /* Base */ = {isa = PBXFileReference; lastKnownFileType = file.storyboard; name = Base; path = Base.lproj/Main.storyboard; sourceTree = "<group>"; };
		966B06571FB4036A00CD588F /* Assets.xcassets */ = {isa = PBXFileReference; lastKnownFileType = folder.assetcatalog; path = Assets.xcassets; sourceTree = "<group>"; };
		966B065A1FB4036A00CD588F /* Base */ = {isa = PBXFileReference; lastKnownFileType = file.storyboard; name = Base; path = Base.lproj/LaunchScreen.storyboard; sourceTree = "<group>"; };
		966B065C1FB4036A00CD588F /* Info.plist */ = {isa = PBXFileReference; lastKnownFileType = text.plist.xml; path = Info.plist; sourceTree = "<group>"; };
		966B06621FB403B300CD588F /* ImageEditor2Nib.xib */ = {isa = PBXFileReference; fileEncoding = 4; lastKnownFileType = file.xib; path = ImageEditor2Nib.xib; sourceTree = "<group>"; };
		966B06681FB4047900CD588F /* WPBaseEditorView.swift */ = {isa = PBXFileReference; fileEncoding = 4; lastKnownFileType = sourcecode.swift; path = WPBaseEditorView.swift; sourceTree = "<group>"; };
		966B066A1FB404B600CD588F /* WPCropEditorView.swift */ = {isa = PBXFileReference; fileEncoding = 4; lastKnownFileType = sourcecode.swift; path = WPCropEditorView.swift; sourceTree = "<group>"; };
		966B06711FB405A600CD588F /* WPFreePathView.swift */ = {isa = PBXFileReference; fileEncoding = 4; lastKnownFileType = sourcecode.swift; path = WPFreePathView.swift; sourceTree = "<group>"; };
		966B06741FB4060F00CD588F /* WPExtension.swift */ = {isa = PBXFileReference; fileEncoding = 4; lastKnownFileType = sourcecode.swift; path = WPExtension.swift; sourceTree = "<group>"; };
		966B06EA1FB412FA00CD588F /* cancel.png */ = {isa = PBXFileReference; lastKnownFileType = image.png; path = cancel.png; sourceTree = "<group>"; };
		966B06EB1FB412FA00CD588F /* center.png */ = {isa = PBXFileReference; lastKnownFileType = image.png; path = center.png; sourceTree = "<group>"; };
		966B06EC1FB412FA00CD588F /* center.selected.png */ = {isa = PBXFileReference; lastKnownFileType = image.png; path = center.selected.png; sourceTree = "<group>"; };
		966B06ED1FB412FA00CD588F /* crop_43.png */ = {isa = PBXFileReference; lastKnownFileType = image.png; path = crop_43.png; sourceTree = "<group>"; };
		966B06EE1FB412FA00CD588F /* crop_169.png */ = {isa = PBXFileReference; lastKnownFileType = image.png; path = crop_169.png; sourceTree = "<group>"; };
		966B06EF1FB412FA00CD588F /* crop_canvas.png */ = {isa = PBXFileReference; lastKnownFileType = image.png; path = crop_canvas.png; sourceTree = "<group>"; };
		966B06F01FB412FA00CD588F /* crop_circle.png */ = {isa = PBXFileReference; lastKnownFileType = image.png; path = crop_circle.png; sourceTree = "<group>"; };
		966B06F11FB412FA00CD588F /* crop_free.png */ = {isa = PBXFileReference; lastKnownFileType = image.png; path = crop_free.png; sourceTree = "<group>"; };
		966B06F21FB412FA00CD588F /* crop_free.selected.png */ = {isa = PBXFileReference; lastKnownFileType = image.png; path = crop_free.selected.png; sourceTree = "<group>"; };
		966B06F31FB412FA00CD588F /* crop_image.png */ = {isa = PBXFileReference; lastKnownFileType = image.png; path = crop_image.png; sourceTree = "<group>"; };
		966B06F61FB412FA00CD588F /* crop_polygon.png */ = {isa = PBXFileReference; lastKnownFileType = image.png; path = crop_polygon.png; sourceTree = "<group>"; };
		966B06F71FB412FA00CD588F /* crop_square.png */ = {isa = PBXFileReference; lastKnownFileType = image.png; path = crop_square.png; sourceTree = "<group>"; };
		966B06F81FB412FA00CD588F /* crop_triangle.png */ = {isa = PBXFileReference; lastKnownFileType = image.png; path = crop_triangle.png; sourceTree = "<group>"; };
		966B06F91FB412FA00CD588F /* crop.png */ = {isa = PBXFileReference; lastKnownFileType = image.png; path = crop.png; sourceTree = "<group>"; };
		966B06FA1FB412FA00CD588F /* crop.selected.png */ = {isa = PBXFileReference; lastKnownFileType = image.png; path = crop.selected.png; sourceTree = "<group>"; };
		966B06FB1FB412FA00CD588F /* done.png */ = {isa = PBXFileReference; lastKnownFileType = image.png; path = done.png; sourceTree = "<group>"; };
		966B06FC1FB412FA00CD588F /* fullCanvas_scaleFill.png */ = {isa = PBXFileReference; lastKnownFileType = image.png; path = fullCanvas_scaleFill.png; sourceTree = "<group>"; };
		966B06FD1FB412FA00CD588F /* fullCanvas_scaleFit.png */ = {isa = PBXFileReference; lastKnownFileType = image.png; path = fullCanvas_scaleFit.png; sourceTree = "<group>"; };
		966B06FE1FB412FA00CD588F /* fullCanvas.png */ = {isa = PBXFileReference; lastKnownFileType = image.png; path = fullCanvas.png; sourceTree = "<group>"; };
		966B06FF1FB412FA00CD588F /* redo.png */ = {isa = PBXFileReference; lastKnownFileType = image.png; path = redo.png; sourceTree = "<group>"; };
		966B07001FB412FA00CD588F /* rotate_90.png */ = {isa = PBXFileReference; lastKnownFileType = image.png; path = rotate_90.png; sourceTree = "<group>"; };
		966B07011FB412FA00CD588F /* rotate.png */ = {isa = PBXFileReference; lastKnownFileType = image.png; path = rotate.png; sourceTree = "<group>"; };
		966B07021FB412FA00CD588F /* rotate.selected.png */ = {isa = PBXFileReference; lastKnownFileType = image.png; path = rotate.selected.png; sourceTree = "<group>"; };
		966B071E1FB42A1F00CD588F /* WPSideMenu.swift */ = {isa = PBXFileReference; fileEncoding = 4; lastKnownFileType = sourcecode.swift; path = WPSideMenu.swift; sourceTree = "<group>"; };
		966B07201FB4425300CD588F /* undo.png */ = {isa = PBXFileReference; lastKnownFileType = image.png; path = undo.png; sourceTree = "<group>"; };
		966B18A11FC29CA900A77EA2 /* WPAngleRuler.swift */ = {isa = PBXFileReference; lastKnownFileType = sourcecode.swift; path = WPAngleRuler.swift; sourceTree = "<group>"; };
		966B18A31FC2A5FD00A77EA2 /* mark.png */ = {isa = PBXFileReference; lastKnownFileType = image.png; path = mark.png; sourceTree = "<group>"; };
		966B18A71FC2D03600A77EA2 /* ape_fwk_all.png */ = {isa = PBXFileReference; lastKnownFileType = image.png; path = ape_fwk_all.png; sourceTree = "<group>"; };
		968E9B261FB58377005E35AC /* crop_oval.png */ = {isa = PBXFileReference; lastKnownFileType = image.png; path = crop_oval.png; sourceTree = "<group>"; };
		968E9B281FB59AD5005E35AC /* index.png */ = {isa = PBXFileReference; lastKnownFileType = image.png; path = index.png; sourceTree = "<group>"; };
/* End PBXFileReference section */

/* Begin PBXFrameworksBuildPhase section */
		966B064A1FB4036A00CD588F /* Frameworks */ = {
			isa = PBXFrameworksBuildPhase;
			buildActionMask = 2147483647;
			files = (
			);
			runOnlyForDeploymentPostprocessing = 0;
		};
/* End PBXFrameworksBuildPhase section */

/* Begin PBXGroup section */
		966B06441FB4036900CD588F = {
			isa = PBXGroup;
			children = (
				966B064F1FB4036A00CD588F /* WPImageEditor2 */,
				966B064E1FB4036A00CD588F /* Products */,
			);
			sourceTree = "<group>";
		};
		966B064E1FB4036A00CD588F /* Products */ = {
			isa = PBXGroup;
			children = (
				966B064D1FB4036A00CD588F /* WPImageEditor2.app */,
			);
			name = Products;
			sourceTree = "<group>";
		};
		966B064F1FB4036A00CD588F /* WPImageEditor2 */ = {
			isa = PBXGroup;
			children = (
				966B06E91FB412C900CD588F /* icons */,
				966B06761FB406BF00CD588F /* AppDelegate */,
				966B06731FB405DB00CD588F /* extension */,
				966B066C1FB404D600CD588F /* base */,
				966B06671FB4042D00CD588F /* kernel */,
				966B06521FB4036A00CD588F /* ViewController.swift */,
			);
			path = WPImageEditor2;
			sourceTree = "<group>";
		};
		966B06671FB4042D00CD588F /* kernel */ = {
			isa = PBXGroup;
			children = (
				966B06681FB4047900CD588F /* WPBaseEditorView.swift */,
				966B066A1FB404B600CD588F /* WPCropEditorView.swift */,
				966B071E1FB42A1F00CD588F /* WPSideMenu.swift */,
			);
			path = kernel;
			sourceTree = "<group>";
		};
		966B066C1FB404D600CD588F /* base */ = {
			isa = PBXGroup;
			children = (
				966B06711FB405A600CD588F /* WPFreePathView.swift */,
				966B18A11FC29CA900A77EA2 /* WPAngleRuler.swift */,
			);
			path = base;
			sourceTree = "<group>";
		};
		966B06731FB405DB00CD588F /* extension */ = {
			isa = PBXGroup;
			children = (
				966B06741FB4060F00CD588F /* WPExtension.swift */,
			);
			path = extension;
			sourceTree = "<group>";
		};
		966B06761FB406BF00CD588F /* AppDelegate */ = {
			isa = PBXGroup;
			children = (
				966B06501FB4036A00CD588F /* AppDelegate.swift */,
				966B06621FB403B300CD588F /* ImageEditor2Nib.xib */,
				966B06541FB4036A00CD588F /* Main.storyboard */,
				966B06571FB4036A00CD588F /* Assets.xcassets */,
				966B18A71FC2D03600A77EA2 /* ape_fwk_all.png */,
				966B06591FB4036A00CD588F /* LaunchScreen.storyboard */,
				966B065C1FB4036A00CD588F /* Info.plist */,
			);
			name = AppDelegate;
			sourceTree = "<group>";
		};
		966B06E91FB412C900CD588F /* icons */ = {
			isa = PBXGroup;
			children = (
				964709331FC415D800C339AF /* mark2.png */,
				966B18A31FC2A5FD00A77EA2 /* mark.png */,
				968E9B281FB59AD5005E35AC /* index.png */,
				966B06EA1FB412FA00CD588F /* cancel.png */,
				9651A5E61FD0F3670055AE20 /* rotate_left.png */,
				9651A5E71FD0F3680055AE20 /* rotate_right.png */,
				966B06EB1FB412FA00CD588F /* center.png */,
				966B06EC1FB412FA00CD588F /* center.selected.png */,
				966B06ED1FB412FA00CD588F /* crop_43.png */,
				966B06EE1FB412FA00CD588F /* crop_169.png */,
				966B06EF1FB412FA00CD588F /* crop_canvas.png */,
				966B06F01FB412FA00CD588F /* crop_circle.png */,
				968E9B261FB58377005E35AC /* crop_oval.png */,
				966B06F11FB412FA00CD588F /* crop_free.png */,
				966B06F21FB412FA00CD588F /* crop_free.selected.png */,
				966B06F31FB412FA00CD588F /* crop_image.png */,
				963B005A1FC5820000D2B426 /* crop_path_c.png */,
				963B005C1FC5824300D2B426 /* crop_path_s.png */,
				966B06F61FB412FA00CD588F /* crop_polygon.png */,
				966B06F71FB412FA00CD588F /* crop_square.png */,
				966B06F81FB412FA00CD588F /* crop_triangle.png */,
				966B06F91FB412FA00CD588F /* crop.png */,
				966B06FA1FB412FA00CD588F /* crop.selected.png */,
				966B06FB1FB412FA00CD588F /* done.png */,
				966B06FC1FB412FA00CD588F /* fullCanvas_scaleFill.png */,
				966B06FD1FB412FA00CD588F /* fullCanvas_scaleFit.png */,
				966B06FE1FB412FA00CD588F /* fullCanvas.png */,
				966B06FF1FB412FA00CD588F /* redo.png */,
				966B07001FB412FA00CD588F /* rotate_90.png */,
				966B07011FB412FA00CD588F /* rotate.png */,
				966B07021FB412FA00CD588F /* rotate.selected.png */,
				966B07201FB4425300CD588F /* undo.png */,
			);
			path = icons;
			sourceTree = "<group>";
		};
/* End PBXGroup section */

/* Begin PBXNativeTarget section */
		966B064C1FB4036A00CD588F /* WPImageEditor2 */ = {
			isa = PBXNativeTarget;
			buildConfigurationList = 966B065F1FB4036A00CD588F /* Build configuration list for PBXNativeTarget "WPImageEditor2" */;
			buildPhases = (
				966B06491FB4036A00CD588F /* Sources */,
				966B064A1FB4036A00CD588F /* Frameworks */,
				966B064B1FB4036A00CD588F /* Resources */,
			);
			buildRules = (
			);
			dependencies = (
			);
			name = WPImageEditor2;
			productName = WPImageEditor2;
			productReference = 966B064D1FB4036A00CD588F /* WPImageEditor2.app */;
			productType = "com.apple.product-type.application";
		};
/* End PBXNativeTarget section */

/* Begin PBXProject section */
		966B06451FB4036A00CD588F /* Project object */ = {
			isa = PBXProject;
			attributes = {
				LastSwiftUpdateCheck = 0830;
				LastUpgradeCheck = 0910;
				ORGANIZATIONNAME = pow;
				TargetAttributes = {
					966B064C1FB4036A00CD588F = {
						CreatedOnToolsVersion = 8.3.3;
						DevelopmentTeam = ALTW7VH9UV;
						ProvisioningStyle = Automatic;
					};
				};
			};
			buildConfigurationList = 966B06481FB4036A00CD588F /* Build configuration list for PBXProject "WPImageEditor2" */;
			compatibilityVersion = "Xcode 3.2";
			developmentRegion = English;
			hasScannedForEncodings = 0;
			knownRegions = (
				en,
				Base,
			);
			mainGroup = 966B06441FB4036900CD588F;
			productRefGroup = 966B064E1FB4036A00CD588F /* Products */;
			projectDirPath = "";
			projectRoot = "";
			targets = (
				966B064C1FB4036A00CD588F /* WPImageEditor2 */,
			);
		};
/* End PBXProject section */

/* Begin PBXResourcesBuildPhase section */
		966B064B1FB4036A00CD588F /* Resources */ = {
			isa = PBXResourcesBuildPhase;
			buildActionMask = 2147483647;
			files = (
				966B071B1FB412FA00CD588F /* rotate.png in Resources */,
				966B07071FB412FA00CD588F /* crop_43.png in Resources */,
				966B07161FB412FA00CD588F /* fullCanvas_scaleFill.png in Resources */,
				966B070D1FB412FA00CD588F /* crop_image.png in Resources */,
				964709341FC415D800C339AF /* mark2.png in Resources */,
				966B07171FB412FA00CD588F /* fullCanvas_scaleFit.png in Resources */,
				966B07061FB412FA00CD588F /* center.selected.png in Resources */,
				9651A5E91FD0F3680055AE20 /* rotate_right.png in Resources */,
				966B065B1FB4036A00CD588F /* LaunchScreen.storyboard in Resources */,
				963B005B1FC5820000D2B426 /* crop_path_c.png in Resources */,
				966B07191FB412FA00CD588F /* redo.png in Resources */,
				966B07091FB412FA00CD588F /* crop_canvas.png in Resources */,
				9651A5E81FD0F3680055AE20 /* rotate_left.png in Resources */,
				966B070C1FB412FA00CD588F /* crop_free.selected.png in Resources */,
				966B07211FB4425300CD588F /* undo.png in Resources */,
				966B071A1FB412FA00CD588F /* rotate_90.png in Resources */,
				966B070A1FB412FA00CD588F /* crop_circle.png in Resources */,
				966B07151FB412FA00CD588F /* done.png in Resources */,
				966B071C1FB412FA00CD588F /* rotate.selected.png in Resources */,
				966B07121FB412FA00CD588F /* crop_triangle.png in Resources */,
				966B06631FB403B300CD588F /* ImageEditor2Nib.xib in Resources */,
				968E9B271FB58377005E35AC /* crop_oval.png in Resources */,
				966B18A41FC2A5FD00A77EA2 /* mark.png in Resources */,
				968E9B291FB59AD5005E35AC /* index.png in Resources */,
				963B005D1FC5824300D2B426 /* crop_path_s.png in Resources */,
				966B07131FB412FA00CD588F /* crop.png in Resources */,
				966B06581FB4036A00CD588F /* Assets.xcassets in Resources */,
				966B07041FB412FA00CD588F /* cancel.png in Resources */,
				966B07051FB412FA00CD588F /* center.png in Resources */,
				966B07141FB412FA00CD588F /* crop.selected.png in Resources */,
				966B07181FB412FA00CD588F /* fullCanvas.png in Resources */,
				966B070B1FB412FA00CD588F /* crop_free.png in Resources */,
				966B07111FB412FA00CD588F /* crop_square.png in Resources */,
				966B07101FB412FA00CD588F /* crop_polygon.png in Resources */,
				966B07081FB412FA00CD588F /* crop_169.png in Resources */,
				966B06561FB4036A00CD588F /* Main.storyboard in Resources */,
				966B18A81FC2D03600A77EA2 /* ape_fwk_all.png in Resources */,
			);
			runOnlyForDeploymentPostprocessing = 0;
		};
/* End PBXResourcesBuildPhase section */

/* Begin PBXSourcesBuildPhase section */
		966B06491FB4036A00CD588F /* Sources */ = {
			isa = PBXSourcesBuildPhase;
			buildActionMask = 2147483647;
			files = (
				966B06751FB4060F00CD588F /* WPExtension.swift in Sources */,
				966B071F1FB42A1F00CD588F /* WPSideMenu.swift in Sources */,
				966B18A21FC29CA900A77EA2 /* WPAngleRuler.swift in Sources */,
				966B06531FB4036A00CD588F /* ViewController.swift in Sources */,
				966B06721FB405A600CD588F /* WPFreePathView.swift in Sources */,
				966B06691FB4047900CD588F /* WPBaseEditorView.swift in Sources */,
				966B066B1FB404B600CD588F /* WPCropEditorView.swift in Sources */,
				966B06511FB4036A00CD588F /* AppDelegate.swift in Sources */,
			);
			runOnlyForDeploymentPostprocessing = 0;
		};
/* End PBXSourcesBuildPhase section */

/* Begin PBXVariantGroup section */
		966B06541FB4036A00CD588F /* Main.storyboard */ = {
			isa = PBXVariantGroup;
			children = (
				966B06551FB4036A00CD588F /* Base */,
			);
			name = Main.storyboard;
			sourceTree = "<group>";
		};
		966B06591FB4036A00CD588F /* LaunchScreen.storyboard */ = {
			isa = PBXVariantGroup;
			children = (
				966B065A1FB4036A00CD588F /* Base */,
			);
			name = LaunchScreen.storyboard;
			sourceTree = "<group>";
		};
/* End PBXVariantGroup section */

/* Begin XCBuildConfiguration section */
		966B065D1FB4036A00CD588F /* Debug */ = {
			isa = XCBuildConfiguration;
			buildSettings = {
				ALWAYS_SEARCH_USER_PATHS = NO;
				CLANG_ANALYZER_NONNULL = YES;
				CLANG_ANALYZER_NUMBER_OBJECT_CONVERSION = YES_AGGRESSIVE;
				CLANG_CXX_LANGUAGE_STANDARD = "gnu++0x";
				CLANG_CXX_LIBRARY = "libc++";
				CLANG_ENABLE_MODULES = YES;
				CLANG_ENABLE_OBJC_ARC = YES;
				CLANG_WARN_BLOCK_CAPTURE_AUTORELEASING = YES;
				CLANG_WARN_BOOL_CONVERSION = YES;
				CLANG_WARN_COMMA = YES;
				CLANG_WARN_CONSTANT_CONVERSION = YES;
				CLANG_WARN_DIRECT_OBJC_ISA_USAGE = YES_ERROR;
				CLANG_WARN_DOCUMENTATION_COMMENTS = YES;
				CLANG_WARN_EMPTY_BODY = YES;
				CLANG_WARN_ENUM_CONVERSION = YES;
				CLANG_WARN_INFINITE_RECURSION = YES;
				CLANG_WARN_INT_CONVERSION = YES;
				CLANG_WARN_NON_LITERAL_NULL_CONVERSION = YES;
				CLANG_WARN_OBJC_LITERAL_CONVERSION = YES;
				CLANG_WARN_OBJC_ROOT_CLASS = YES_ERROR;
				CLANG_WARN_RANGE_LOOP_ANALYSIS = YES;
				CLANG_WARN_STRICT_PROTOTYPES = YES;
				CLANG_WARN_SUSPICIOUS_MOVE = YES;
				CLANG_WARN_UNREACHABLE_CODE = YES;
				CLANG_WARN__DUPLICATE_METHOD_MATCH = YES;
				"CODE_SIGN_IDENTITY[sdk=iphoneos*]" = "iPhone Developer";
				COPY_PHASE_STRIP = NO;
				DEBUG_INFORMATION_FORMAT = dwarf;
				ENABLE_STRICT_OBJC_MSGSEND = YES;
				ENABLE_TESTABILITY = YES;
				GCC_C_LANGUAGE_STANDARD = gnu99;
				GCC_DYNAMIC_NO_PIC = NO;
				GCC_NO_COMMON_BLOCKS = YES;
				GCC_OPTIMIZATION_LEVEL = 0;
				GCC_PREPROCESSOR_DEFINITIONS = (
					"DEBUG=1",
					"$(inherited)",
				);
				GCC_WARN_64_TO_32_BIT_CONVERSION = YES;
				GCC_WARN_ABOUT_RETURN_TYPE = YES_ERROR;
				GCC_WARN_UNDECLARED_SELECTOR = YES;
				GCC_WARN_UNINITIALIZED_AUTOS = YES_AGGRESSIVE;
				GCC_WARN_UNUSED_FUNCTION = YES;
				GCC_WARN_UNUSED_VARIABLE = YES;
				IPHONEOS_DEPLOYMENT_TARGET = 10.3;
				MTL_ENABLE_DEBUG_INFO = YES;
				ONLY_ACTIVE_ARCH = YES;
				SDKROOT = iphoneos;
				SWIFT_ACTIVE_COMPILATION_CONDITIONS = DEBUG;
				SWIFT_OPTIMIZATION_LEVEL = "-Onone";
				TARGETED_DEVICE_FAMILY = "1,2";
			};
			name = Debug;
		};
		966B065E1FB4036A00CD588F /* Release */ = {
			isa = XCBuildConfiguration;
			buildSettings = {
				ALWAYS_SEARCH_USER_PATHS = NO;
				CLANG_ANALYZER_NONNULL = YES;
				CLANG_ANALYZER_NUMBER_OBJECT_CONVERSION = YES_AGGRESSIVE;
				CLANG_CXX_LANGUAGE_STANDARD = "gnu++0x";
				CLANG_CXX_LIBRARY = "libc++";
				CLANG_ENABLE_MODULES = YES;
				CLANG_ENABLE_OBJC_ARC = YES;
				CLANG_WARN_BLOCK_CAPTURE_AUTORELEASING = YES;
				CLANG_WARN_BOOL_CONVERSION = YES;
				CLANG_WARN_COMMA = YES;
				CLANG_WARN_CONSTANT_CONVERSION = YES;
				CLANG_WARN_DIRECT_OBJC_ISA_USAGE = YES_ERROR;
				CLANG_WARN_DOCUMENTATION_COMMENTS = YES;
				CLANG_WARN_EMPTY_BODY = YES;
				CLANG_WARN_ENUM_CONVERSION = YES;
				CLANG_WARN_INFINITE_RECURSION = YES;
				CLANG_WARN_INT_CONVERSION = YES;
				CLANG_WARN_NON_LITERAL_NULL_CONVERSION = YES;
				CLANG_WARN_OBJC_LITERAL_CONVERSION = YES;
				CLANG_WARN_OBJC_ROOT_CLASS = YES_ERROR;
				CLANG_WARN_RANGE_LOOP_ANALYSIS = YES;
				CLANG_WARN_STRICT_PROTOTYPES = YES;
				CLANG_WARN_SUSPICIOUS_MOVE = YES;
				CLANG_WARN_UNREACHABLE_CODE = YES;
				CLANG_WARN__DUPLICATE_METHOD_MATCH = YES;
				"CODE_SIGN_IDENTITY[sdk=iphoneos*]" = "iPhone Developer";
				COPY_PHASE_STRIP = NO;
				DEBUG_INFORMATION_FORMAT = "dwarf-with-dsym";
				ENABLE_NS_ASSERTIONS = NO;
				ENABLE_STRICT_OBJC_MSGSEND = YES;
				GCC_C_LANGUAGE_STANDARD = gnu99;
				GCC_NO_COMMON_BLOCKS = YES;
				GCC_WARN_64_TO_32_BIT_CONVERSION = YES;
				GCC_WARN_ABOUT_RETURN_TYPE = YES_ERROR;
				GCC_WARN_UNDECLARED_SELECTOR = YES;
				GCC_WARN_UNINITIALIZED_AUTOS = YES_AGGRESSIVE;
				GCC_WARN_UNUSED_FUNCTION = YES;
				GCC_WARN_UNUSED_VARIABLE = YES;
				IPHONEOS_DEPLOYMENT_TARGET = 10.3;
				MTL_ENABLE_DEBUG_INFO = NO;
				SDKROOT = iphoneos;
				SWIFT_OPTIMIZATION_LEVEL = "-Owholemodule";
				TARGETED_DEVICE_FAMILY = "1,2";
				VALIDATE_PRODUCT = YES;
			};
			name = Release;
		};
		966B06601FB4036A00CD588F /* Debug */ = {
			isa = XCBuildConfiguration;
			buildSettings = {
				ASSETCATALOG_COMPILER_APPICON_NAME = AppIcon;
				DEVELOPMENT_TEAM = ALTW7VH9UV;
				INFOPLIST_FILE = WPImageEditor2/Info.plist;
				LD_RUNPATH_SEARCH_PATHS = "$(inherited) @executable_path/Frameworks";
				PRODUCT_BUNDLE_IDENTIFIER = com.soyatec.WPImageEditor2;
				PRODUCT_NAME = "$(TARGET_NAME)";
				SWIFT_VERSION = 4.0;
			};
			name = Debug;
		};
		966B06611FB4036A00CD588F /* Release */ = {
			isa = XCBuildConfiguration;
			buildSettings = {
				ASSETCATALOG_COMPILER_APPICON_NAME = AppIcon;
				DEVELOPMENT_TEAM = ALTW7VH9UV;
				INFOPLIST_FILE = WPImageEditor2/Info.plist;
				LD_RUNPATH_SEARCH_PATHS = "$(inherited) @executable_path/Frameworks";
				PRODUCT_BUNDLE_IDENTIFIER = com.soyatec.WPImageEditor2;
				PRODUCT_NAME = "$(TARGET_NAME)";
				SWIFT_VERSION = 4.0;
			};
			name = Release;
		};
/* End XCBuildConfiguration section */

/* Begin XCConfigurationList section */
		966B06481FB4036A00CD588F /* Build configuration list for PBXProject "WPImageEditor2" */ = {
			isa = XCConfigurationList;
			buildConfigurations = (
				966B065D1FB4036A00CD588F /* Debug */,
				966B065E1FB4036A00CD588F /* Release */,
			);
			defaultConfigurationIsVisible = 0;
			defaultConfigurationName = Release;
		};
		966B065F1FB4036A00CD588F /* Build configuration list for PBXNativeTarget "WPImageEditor2" */ = {
			isa = XCConfigurationList;
			buildConfigurations = (
				966B06601FB4036A00CD588F /* Debug */,
				966B06611FB4036A00CD588F /* Release */,
			);
			defaultConfigurationIsVisible = 0;
			defaultConfigurationName = Release;
		};
/* End XCConfigurationList section */
	};
	rootObject = 966B06451FB4036A00CD588F /* Project object */;
}
